# This file is automatically @generated by Cargo.
# It is not intended for manual editing.
[[package]]
name = "aho-corasick"
version = "0.5.3"
source = "registry+git://mirrors.ustc.edu.cn/crates.io-index"
dependencies = [
 "memchr 0.1.11 (registry+git://mirrors.ustc.edu.cn/crates.io-index)",
]

[[package]]
name = "aho-corasick"
version = "0.6.10"
source = "registry+git://mirrors.ustc.edu.cn/crates.io-index"
dependencies = [
 "memchr 2.2.0 (registry+git://mirrors.ustc.edu.cn/crates.io-index)",
]

[[package]]
name = "ascii"
version = "0.9.1"
source = "registry+git://mirrors.ustc.edu.cn/crates.io-index"

[[package]]
name = "atk"
version = "0.6.0"
source = "registry+git://mirrors.ustc.edu.cn/crates.io-index"
dependencies = [
 "atk-sys 0.8.0 (registry+git://mirrors.ustc.edu.cn/crates.io-index)",
 "bitflags 1.0.4 (registry+git://mirrors.ustc.edu.cn/crates.io-index)",
 "glib 0.7.1 (registry+git://mirrors.ustc.edu.cn/crates.io-index)",
 "glib-sys 0.8.0 (registry+git://mirrors.ustc.edu.cn/crates.io-index)",
 "gobject-sys 0.8.0 (registry+git://mirrors.ustc.edu.cn/crates.io-index)",
 "libc 0.2.50 (registry+git://mirrors.ustc.edu.cn/crates.io-index)",
]

[[package]]
name = "atk-sys"
version = "0.8.0"
source = "registry+git://mirrors.ustc.edu.cn/crates.io-index"
dependencies = [
 "glib-sys 0.8.0 (registry+git://mirrors.ustc.edu.cn/crates.io-index)",
 "gobject-sys 0.8.0 (registry+git://mirrors.ustc.edu.cn/crates.io-index)",
 "libc 0.2.50 (registry+git://mirrors.ustc.edu.cn/crates.io-index)",
 "pkg-config 0.3.14 (registry+git://mirrors.ustc.edu.cn/crates.io-index)",
]

[[package]]
name = "atty"
version = "0.2.11"
source = "registry+git://mirrors.ustc.edu.cn/crates.io-index"
dependencies = [
 "libc 0.2.50 (registry+git://mirrors.ustc.edu.cn/crates.io-index)",
 "termion 1.5.1 (registry+git://mirrors.ustc.edu.cn/crates.io-index)",
 "winapi 0.3.6 (registry+git://mirrors.ustc.edu.cn/crates.io-index)",
]

[[package]]
name = "autocfg"
version = "0.1.2"
source = "registry+git://mirrors.ustc.edu.cn/crates.io-index"

[[package]]
name = "backtrace"
version = "0.3.14"
source = "registry+git://mirrors.ustc.edu.cn/crates.io-index"
dependencies = [
 "autocfg 0.1.2 (registry+git://mirrors.ustc.edu.cn/crates.io-index)",
 "backtrace-sys 0.1.28 (registry+git://mirrors.ustc.edu.cn/crates.io-index)",
 "cfg-if 0.1.7 (registry+git://mirrors.ustc.edu.cn/crates.io-index)",
 "libc 0.2.50 (registry+git://mirrors.ustc.edu.cn/crates.io-index)",
 "rustc-demangle 0.1.13 (registry+git://mirrors.ustc.edu.cn/crates.io-index)",
 "winapi 0.3.6 (registry+git://mirrors.ustc.edu.cn/crates.io-index)",
]

[[package]]
name = "backtrace-sys"
version = "0.1.28"
source = "registry+git://mirrors.ustc.edu.cn/crates.io-index"
dependencies = [
 "cc 1.0.31 (registry+git://mirrors.ustc.edu.cn/crates.io-index)",
 "libc 0.2.50 (registry+git://mirrors.ustc.edu.cn/crates.io-index)",
]

[[package]]
name = "bitflags"
version = "1.0.4"
source = "registry+git://mirrors.ustc.edu.cn/crates.io-index"

[[package]]
name = "byteorder"
version = "1.3.1"
source = "registry+git://mirrors.ustc.edu.cn/crates.io-index"

[[package]]
name = "cairo-rs"
version = "0.6.0"
source = "registry+git://mirrors.ustc.edu.cn/crates.io-index"
dependencies = [
 "bitflags 1.0.4 (registry+git://mirrors.ustc.edu.cn/crates.io-index)",
 "cairo-sys-rs 0.8.0 (registry+git://mirrors.ustc.edu.cn/crates.io-index)",
 "glib 0.7.1 (registry+git://mirrors.ustc.edu.cn/crates.io-index)",
 "glib-sys 0.8.0 (registry+git://mirrors.ustc.edu.cn/crates.io-index)",
 "gobject-sys 0.8.0 (registry+git://mirrors.ustc.edu.cn/crates.io-index)",
 "libc 0.2.50 (registry+git://mirrors.ustc.edu.cn/crates.io-index)",
]

[[package]]
name = "cairo-sys-rs"
version = "0.8.0"
source = "registry+git://mirrors.ustc.edu.cn/crates.io-index"
dependencies = [
 "glib-sys 0.8.0 (registry+git://mirrors.ustc.edu.cn/crates.io-index)",
 "libc 0.2.50 (registry+git://mirrors.ustc.edu.cn/crates.io-index)",
 "pkg-config 0.3.14 (registry+git://mirrors.ustc.edu.cn/crates.io-index)",
 "winapi 0.3.6 (registry+git://mirrors.ustc.edu.cn/crates.io-index)",
]

[[package]]
name = "cc"
version = "1.0.31"
source = "registry+git://mirrors.ustc.edu.cn/crates.io-index"

[[package]]
name = "cfg-if"
version = "0.1.7"
source = "registry+git://mirrors.ustc.edu.cn/crates.io-index"

[[package]]
name = "chrono"
version = "0.4.6"
source = "registry+git://mirrors.ustc.edu.cn/crates.io-index"
dependencies = [
 "num-integer 0.1.39 (registry+git://mirrors.ustc.edu.cn/crates.io-index)",
 "num-traits 0.2.6 (registry+git://mirrors.ustc.edu.cn/crates.io-index)",
 "time 0.1.42 (registry+git://mirrors.ustc.edu.cn/crates.io-index)",
]

[[package]]
name = "combine"
version = "3.8.1"
source = "registry+git://mirrors.ustc.edu.cn/crates.io-index"
dependencies = [
 "ascii 0.9.1 (registry+git://mirrors.ustc.edu.cn/crates.io-index)",
 "byteorder 1.3.1 (registry+git://mirrors.ustc.edu.cn/crates.io-index)",
 "either 1.5.1 (registry+git://mirrors.ustc.edu.cn/crates.io-index)",
 "memchr 2.2.0 (registry+git://mirrors.ustc.edu.cn/crates.io-index)",
 "unreachable 1.0.0 (registry+git://mirrors.ustc.edu.cn/crates.io-index)",
]

[[package]]
name = "crossbeam-channel"
version = "0.3.8"
source = "registry+git://mirrors.ustc.edu.cn/crates.io-index"
dependencies = [
 "crossbeam-utils 0.6.5 (registry+git://mirrors.ustc.edu.cn/crates.io-index)",
 "smallvec 0.6.9 (registry+git://mirrors.ustc.edu.cn/crates.io-index)",
]

[[package]]
name = "crossbeam-utils"
version = "0.6.5"
source = "registry+git://mirrors.ustc.edu.cn/crates.io-index"
dependencies = [
 "cfg-if 0.1.7 (registry+git://mirrors.ustc.edu.cn/crates.io-index)",
 "lazy_static 1.3.0 (registry+git://mirrors.ustc.edu.cn/crates.io-index)",
]

[[package]]
name = "either"
version = "1.5.1"
source = "registry+git://mirrors.ustc.edu.cn/crates.io-index"

[[package]]
name = "encoding"
version = "0.2.33"
source = "registry+git://mirrors.ustc.edu.cn/crates.io-index"
dependencies = [
 "encoding-index-japanese 1.20141219.5 (registry+git://mirrors.ustc.edu.cn/crates.io-index)",
 "encoding-index-korean 1.20141219.5 (registry+git://mirrors.ustc.edu.cn/crates.io-index)",
 "encoding-index-simpchinese 1.20141219.5 (registry+git://mirrors.ustc.edu.cn/crates.io-index)",
 "encoding-index-singlebyte 1.20141219.5 (registry+git://mirrors.ustc.edu.cn/crates.io-index)",
 "encoding-index-tradchinese 1.20141219.5 (registry+git://mirrors.ustc.edu.cn/crates.io-index)",
]

[[package]]
name = "encoding-index-japanese"
version = "1.20141219.5"
source = "registry+git://mirrors.ustc.edu.cn/crates.io-index"
dependencies = [
 "encoding_index_tests 0.1.4 (registry+git://mirrors.ustc.edu.cn/crates.io-index)",
]

[[package]]
name = "encoding-index-korean"
version = "1.20141219.5"
source = "registry+git://mirrors.ustc.edu.cn/crates.io-index"
dependencies = [
 "encoding_index_tests 0.1.4 (registry+git://mirrors.ustc.edu.cn/crates.io-index)",
]

[[package]]
name = "encoding-index-simpchinese"
version = "1.20141219.5"
source = "registry+git://mirrors.ustc.edu.cn/crates.io-index"
dependencies = [
 "encoding_index_tests 0.1.4 (registry+git://mirrors.ustc.edu.cn/crates.io-index)",
]

[[package]]
name = "encoding-index-singlebyte"
version = "1.20141219.5"
source = "registry+git://mirrors.ustc.edu.cn/crates.io-index"
dependencies = [
 "encoding_index_tests 0.1.4 (registry+git://mirrors.ustc.edu.cn/crates.io-index)",
]

[[package]]
name = "encoding-index-tradchinese"
version = "1.20141219.5"
source = "registry+git://mirrors.ustc.edu.cn/crates.io-index"
dependencies = [
 "encoding_index_tests 0.1.4 (registry+git://mirrors.ustc.edu.cn/crates.io-index)",
]

[[package]]
name = "encoding_index_tests"
version = "0.1.4"
source = "registry+git://mirrors.ustc.edu.cn/crates.io-index"

[[package]]
name = "env_logger"
version = "0.6.1"
source = "registry+git://mirrors.ustc.edu.cn/crates.io-index"
dependencies = [
 "atty 0.2.11 (registry+git://mirrors.ustc.edu.cn/crates.io-index)",
 "humantime 1.2.0 (registry+git://mirrors.ustc.edu.cn/crates.io-index)",
 "log 0.4.6 (registry+git://mirrors.ustc.edu.cn/crates.io-index)",
 "regex 1.1.2 (registry+git://mirrors.ustc.edu.cn/crates.io-index)",
 "termcolor 1.0.4 (registry+git://mirrors.ustc.edu.cn/crates.io-index)",
]

[[package]]
name = "failure"
version = "0.1.5"
source = "registry+git://mirrors.ustc.edu.cn/crates.io-index"
dependencies = [
 "backtrace 0.3.14 (registry+git://mirrors.ustc.edu.cn/crates.io-index)",
 "failure_derive 0.1.5 (registry+git://mirrors.ustc.edu.cn/crates.io-index)",
]

[[package]]
name = "failure_derive"
version = "0.1.5"
source = "registry+git://mirrors.ustc.edu.cn/crates.io-index"
dependencies = [
 "proc-macro2 0.4.27 (registry+git://mirrors.ustc.edu.cn/crates.io-index)",
 "quote 0.6.11 (registry+git://mirrors.ustc.edu.cn/crates.io-index)",
 "syn 0.15.29 (registry+git://mirrors.ustc.edu.cn/crates.io-index)",
 "synstructure 0.10.1 (registry+git://mirrors.ustc.edu.cn/crates.io-index)",
]

[[package]]
name = "fragile"
version = "0.3.0"
source = "registry+git://mirrors.ustc.edu.cn/crates.io-index"

[[package]]
name = "fuchsia-cprng"
version = "0.1.1"
source = "registry+git://mirrors.ustc.edu.cn/crates.io-index"

[[package]]
name = "gdk"
version = "0.10.0"
source = "registry+git://mirrors.ustc.edu.cn/crates.io-index"
dependencies = [
 "bitflags 1.0.4 (registry+git://mirrors.ustc.edu.cn/crates.io-index)",
 "cairo-rs 0.6.0 (registry+git://mirrors.ustc.edu.cn/crates.io-index)",
 "cairo-sys-rs 0.8.0 (registry+git://mirrors.ustc.edu.cn/crates.io-index)",
 "gdk-pixbuf 0.6.0 (registry+git://mirrors.ustc.edu.cn/crates.io-index)",
 "gdk-sys 0.8.0 (registry+git://mirrors.ustc.edu.cn/crates.io-index)",
 "gio 0.6.0 (registry+git://mirrors.ustc.edu.cn/crates.io-index)",
 "gio-sys 0.8.0 (registry+git://mirrors.ustc.edu.cn/crates.io-index)",
 "glib 0.7.1 (registry+git://mirrors.ustc.edu.cn/crates.io-index)",
 "glib-sys 0.8.0 (registry+git://mirrors.ustc.edu.cn/crates.io-index)",
 "gobject-sys 0.8.0 (registry+git://mirrors.ustc.edu.cn/crates.io-index)",
 "libc 0.2.50 (registry+git://mirrors.ustc.edu.cn/crates.io-index)",
 "pango 0.6.0 (registry+git://mirrors.ustc.edu.cn/crates.io-index)",
]

[[package]]
name = "gdk-pixbuf"
version = "0.6.0"
source = "registry+git://mirrors.ustc.edu.cn/crates.io-index"
dependencies = [
 "gdk-pixbuf-sys 0.8.0 (registry+git://mirrors.ustc.edu.cn/crates.io-index)",
 "gio 0.6.0 (registry+git://mirrors.ustc.edu.cn/crates.io-index)",
 "gio-sys 0.8.0 (registry+git://mirrors.ustc.edu.cn/crates.io-index)",
 "glib 0.7.1 (registry+git://mirrors.ustc.edu.cn/crates.io-index)",
 "glib-sys 0.8.0 (registry+git://mirrors.ustc.edu.cn/crates.io-index)",
 "gobject-sys 0.8.0 (registry+git://mirrors.ustc.edu.cn/crates.io-index)",
 "libc 0.2.50 (registry+git://mirrors.ustc.edu.cn/crates.io-index)",
]

[[package]]
name = "gdk-pixbuf-sys"
version = "0.8.0"
source = "registry+git://mirrors.ustc.edu.cn/crates.io-index"
dependencies = [
 "gio-sys 0.8.0 (registry+git://mirrors.ustc.edu.cn/crates.io-index)",
 "glib-sys 0.8.0 (registry+git://mirrors.ustc.edu.cn/crates.io-index)",
 "gobject-sys 0.8.0 (registry+git://mirrors.ustc.edu.cn/crates.io-index)",
 "libc 0.2.50 (registry+git://mirrors.ustc.edu.cn/crates.io-index)",
 "pkg-config 0.3.14 (registry+git://mirrors.ustc.edu.cn/crates.io-index)",
]

[[package]]
name = "gdk-sys"
version = "0.8.0"
source = "registry+git://mirrors.ustc.edu.cn/crates.io-index"
dependencies = [
 "cairo-sys-rs 0.8.0 (registry+git://mirrors.ustc.edu.cn/crates.io-index)",
 "gdk-pixbuf-sys 0.8.0 (registry+git://mirrors.ustc.edu.cn/crates.io-index)",
 "gio-sys 0.8.0 (registry+git://mirrors.ustc.edu.cn/crates.io-index)",
 "glib-sys 0.8.0 (registry+git://mirrors.ustc.edu.cn/crates.io-index)",
 "gobject-sys 0.8.0 (registry+git://mirrors.ustc.edu.cn/crates.io-index)",
 "libc 0.2.50 (registry+git://mirrors.ustc.edu.cn/crates.io-index)",
 "pango-sys 0.8.0 (registry+git://mirrors.ustc.edu.cn/crates.io-index)",
 "pkg-config 0.3.14 (registry+git://mirrors.ustc.edu.cn/crates.io-index)",
]

[[package]]
name = "gio"
version = "0.6.0"
source = "registry+git://mirrors.ustc.edu.cn/crates.io-index"
dependencies = [
 "bitflags 1.0.4 (registry+git://mirrors.ustc.edu.cn/crates.io-index)",
 "fragile 0.3.0 (registry+git://mirrors.ustc.edu.cn/crates.io-index)",
 "gio-sys 0.8.0 (registry+git://mirrors.ustc.edu.cn/crates.io-index)",
 "glib 0.7.1 (registry+git://mirrors.ustc.edu.cn/crates.io-index)",
 "glib-sys 0.8.0 (registry+git://mirrors.ustc.edu.cn/crates.io-index)",
 "gobject-sys 0.8.0 (registry+git://mirrors.ustc.edu.cn/crates.io-index)",
 "lazy_static 1.3.0 (registry+git://mirrors.ustc.edu.cn/crates.io-index)",
 "libc 0.2.50 (registry+git://mirrors.ustc.edu.cn/crates.io-index)",
]

[[package]]
name = "gio-sys"
version = "0.8.0"
source = "registry+git://mirrors.ustc.edu.cn/crates.io-index"
dependencies = [
 "glib-sys 0.8.0 (registry+git://mirrors.ustc.edu.cn/crates.io-index)",
 "gobject-sys 0.8.0 (registry+git://mirrors.ustc.edu.cn/crates.io-index)",
 "libc 0.2.50 (registry+git://mirrors.ustc.edu.cn/crates.io-index)",
 "pkg-config 0.3.14 (registry+git://mirrors.ustc.edu.cn/crates.io-index)",
]

[[package]]
name = "glib"
version = "0.7.1"
source = "registry+git://mirrors.ustc.edu.cn/crates.io-index"
dependencies = [
 "bitflags 1.0.4 (registry+git://mirrors.ustc.edu.cn/crates.io-index)",
 "glib-sys 0.8.0 (registry+git://mirrors.ustc.edu.cn/crates.io-index)",
 "gobject-sys 0.8.0 (registry+git://mirrors.ustc.edu.cn/crates.io-index)",
 "lazy_static 1.3.0 (registry+git://mirrors.ustc.edu.cn/crates.io-index)",
 "libc 0.2.50 (registry+git://mirrors.ustc.edu.cn/crates.io-index)",
]

[[package]]
name = "glib-sys"
version = "0.8.0"
source = "registry+git://mirrors.ustc.edu.cn/crates.io-index"
dependencies = [
 "libc 0.2.50 (registry+git://mirrors.ustc.edu.cn/crates.io-index)",
 "pkg-config 0.3.14 (registry+git://mirrors.ustc.edu.cn/crates.io-index)",
]

[[package]]
name = "gobject-sys"
version = "0.8.0"
source = "registry+git://mirrors.ustc.edu.cn/crates.io-index"
dependencies = [
 "glib-sys 0.8.0 (registry+git://mirrors.ustc.edu.cn/crates.io-index)",
 "libc 0.2.50 (registry+git://mirrors.ustc.edu.cn/crates.io-index)",
 "pkg-config 0.3.14 (registry+git://mirrors.ustc.edu.cn/crates.io-index)",
]

[[package]]
name = "gtk"
version = "0.6.0"
source = "registry+git://mirrors.ustc.edu.cn/crates.io-index"
dependencies = [
 "atk 0.6.0 (registry+git://mirrors.ustc.edu.cn/crates.io-index)",
 "bitflags 1.0.4 (registry+git://mirrors.ustc.edu.cn/crates.io-index)",
 "cairo-rs 0.6.0 (registry+git://mirrors.ustc.edu.cn/crates.io-index)",
 "cairo-sys-rs 0.8.0 (registry+git://mirrors.ustc.edu.cn/crates.io-index)",
 "cc 1.0.31 (registry+git://mirrors.ustc.edu.cn/crates.io-index)",
 "gdk 0.10.0 (registry+git://mirrors.ustc.edu.cn/crates.io-index)",
 "gdk-pixbuf 0.6.0 (registry+git://mirrors.ustc.edu.cn/crates.io-index)",
 "gdk-pixbuf-sys 0.8.0 (registry+git://mirrors.ustc.edu.cn/crates.io-index)",
 "gdk-sys 0.8.0 (registry+git://mirrors.ustc.edu.cn/crates.io-index)",
 "gio 0.6.0 (registry+git://mirrors.ustc.edu.cn/crates.io-index)",
 "gio-sys 0.8.0 (registry+git://mirrors.ustc.edu.cn/crates.io-index)",
 "glib 0.7.1 (registry+git://mirrors.ustc.edu.cn/crates.io-index)",
 "glib-sys 0.8.0 (registry+git://mirrors.ustc.edu.cn/crates.io-index)",
 "gobject-sys 0.8.0 (registry+git://mirrors.ustc.edu.cn/crates.io-index)",
 "gtk-sys 0.8.0 (registry+git://mirrors.ustc.edu.cn/crates.io-index)",
 "lazy_static 1.3.0 (registry+git://mirrors.ustc.edu.cn/crates.io-index)",
 "libc 0.2.50 (registry+git://mirrors.ustc.edu.cn/crates.io-index)",
 "pango 0.6.0 (registry+git://mirrors.ustc.edu.cn/crates.io-index)",
 "pango-sys 0.8.0 (registry+git://mirrors.ustc.edu.cn/crates.io-index)",
]

[[package]]
name = "gtk-sys"
version = "0.8.0"
source = "registry+git://mirrors.ustc.edu.cn/crates.io-index"
dependencies = [
 "atk-sys 0.8.0 (registry+git://mirrors.ustc.edu.cn/crates.io-index)",
 "cairo-sys-rs 0.8.0 (registry+git://mirrors.ustc.edu.cn/crates.io-index)",
 "gdk-pixbuf-sys 0.8.0 (registry+git://mirrors.ustc.edu.cn/crates.io-index)",
 "gdk-sys 0.8.0 (registry+git://mirrors.ustc.edu.cn/crates.io-index)",
 "gio-sys 0.8.0 (registry+git://mirrors.ustc.edu.cn/crates.io-index)",
 "glib-sys 0.8.0 (registry+git://mirrors.ustc.edu.cn/crates.io-index)",
 "gobject-sys 0.8.0 (registry+git://mirrors.ustc.edu.cn/crates.io-index)",
 "libc 0.2.50 (registry+git://mirrors.ustc.edu.cn/crates.io-index)",
 "pango-sys 0.8.0 (registry+git://mirrors.ustc.edu.cn/crates.io-index)",
 "pkg-config 0.3.14 (registry+git://mirrors.ustc.edu.cn/crates.io-index)",
]

[[package]]
name = "hostname"
version = "0.1.5"
source = "registry+git://mirrors.ustc.edu.cn/crates.io-index"
dependencies = [
 "libc 0.2.50 (registry+git://mirrors.ustc.edu.cn/crates.io-index)",
 "winutil 0.1.1 (registry+git://mirrors.ustc.edu.cn/crates.io-index)",
]

[[package]]
name = "human-panic"
version = "1.0.1"
source = "registry+git://mirrors.ustc.edu.cn/crates.io-index"
dependencies = [
 "backtrace 0.3.14 (registry+git://mirrors.ustc.edu.cn/crates.io-index)",
 "failure 0.1.5 (registry+git://mirrors.ustc.edu.cn/crates.io-index)",
 "os_type 2.2.0 (registry+git://mirrors.ustc.edu.cn/crates.io-index)",
 "serde 1.0.89 (registry+git://mirrors.ustc.edu.cn/crates.io-index)",
 "serde_derive 1.0.89 (registry+git://mirrors.ustc.edu.cn/crates.io-index)",
 "tempdir 0.3.7 (registry+git://mirrors.ustc.edu.cn/crates.io-index)",
 "termcolor 0.3.6 (registry+git://mirrors.ustc.edu.cn/crates.io-index)",
 "toml 0.4.10 (registry+git://mirrors.ustc.edu.cn/crates.io-index)",
 "uuid 0.6.5 (registry+git://mirrors.ustc.edu.cn/crates.io-index)",
]

[[package]]
name = "humantime"
version = "1.2.0"
source = "registry+git://mirrors.ustc.edu.cn/crates.io-index"
dependencies = [
 "quick-error 1.2.2 (registry+git://mirrors.ustc.edu.cn/crates.io-index)",
]

[[package]]
name = "kernel32-sys"
version = "0.2.2"
source = "registry+git://mirrors.ustc.edu.cn/crates.io-index"
dependencies = [
 "winapi 0.2.8 (registry+git://mirrors.ustc.edu.cn/crates.io-index)",
 "winapi-build 0.1.1 (registry+git://mirrors.ustc.edu.cn/crates.io-index)",
]

[[package]]
name = "lazy_static"
version = "1.3.0"
source = "registry+git://mirrors.ustc.edu.cn/crates.io-index"

[[package]]
name = "libc"
version = "0.2.50"
source = "registry+git://mirrors.ustc.edu.cn/crates.io-index"

[[package]]
name = "local-ip"
version = "0.1.0"
source = "registry+git://mirrors.ustc.edu.cn/crates.io-index"
dependencies = [
 "regex 0.1.80 (registry+git://mirrors.ustc.edu.cn/crates.io-index)",
]

[[package]]
name = "log"
version = "0.4.6"
source = "registry+git://mirrors.ustc.edu.cn/crates.io-index"
dependencies = [
 "cfg-if 0.1.7 (registry+git://mirrors.ustc.edu.cn/crates.io-index)",
]

[[package]]
name = "memchr"
version = "0.1.11"
source = "registry+git://mirrors.ustc.edu.cn/crates.io-index"
dependencies = [
 "libc 0.2.50 (registry+git://mirrors.ustc.edu.cn/crates.io-index)",
]

[[package]]
name = "memchr"
version = "2.2.0"
source = "registry+git://mirrors.ustc.edu.cn/crates.io-index"

[[package]]
name = "num-integer"
version = "0.1.39"
source = "registry+git://mirrors.ustc.edu.cn/crates.io-index"
dependencies = [
 "num-traits 0.2.6 (registry+git://mirrors.ustc.edu.cn/crates.io-index)",
]

[[package]]
name = "num-traits"
version = "0.2.6"
source = "registry+git://mirrors.ustc.edu.cn/crates.io-index"

[[package]]
name = "os_type"
version = "2.2.0"
source = "registry+git://mirrors.ustc.edu.cn/crates.io-index"
dependencies = [
 "regex 1.1.2 (registry+git://mirrors.ustc.edu.cn/crates.io-index)",
]

[[package]]
name = "pango"
version = "0.6.0"
source = "registry+git://mirrors.ustc.edu.cn/crates.io-index"
dependencies = [
 "bitflags 1.0.4 (registry+git://mirrors.ustc.edu.cn/crates.io-index)",
 "glib 0.7.1 (registry+git://mirrors.ustc.edu.cn/crates.io-index)",
 "glib-sys 0.8.0 (registry+git://mirrors.ustc.edu.cn/crates.io-index)",
 "gobject-sys 0.8.0 (registry+git://mirrors.ustc.edu.cn/crates.io-index)",
 "lazy_static 1.3.0 (registry+git://mirrors.ustc.edu.cn/crates.io-index)",
 "libc 0.2.50 (registry+git://mirrors.ustc.edu.cn/crates.io-index)",
 "pango-sys 0.8.0 (registry+git://mirrors.ustc.edu.cn/crates.io-index)",
]

[[package]]
name = "pango-sys"
version = "0.8.0"
source = "registry+git://mirrors.ustc.edu.cn/crates.io-index"
dependencies = [
 "glib-sys 0.8.0 (registry+git://mirrors.ustc.edu.cn/crates.io-index)",
 "gobject-sys 0.8.0 (registry+git://mirrors.ustc.edu.cn/crates.io-index)",
 "libc 0.2.50 (registry+git://mirrors.ustc.edu.cn/crates.io-index)",
 "pkg-config 0.3.14 (registry+git://mirrors.ustc.edu.cn/crates.io-index)",
]

[[package]]
name = "pkg-config"
version = "0.3.14"
source = "registry+git://mirrors.ustc.edu.cn/crates.io-index"

[[package]]
name = "proc-macro2"
version = "0.4.27"
source = "registry+git://mirrors.ustc.edu.cn/crates.io-index"
dependencies = [
 "unicode-xid 0.1.0 (registry+git://mirrors.ustc.edu.cn/crates.io-index)",
]

[[package]]
name = "quick-error"
version = "1.2.2"
source = "registry+git://mirrors.ustc.edu.cn/crates.io-index"

[[package]]
name = "quote"
version = "0.6.11"
source = "registry+git://mirrors.ustc.edu.cn/crates.io-index"
dependencies = [
 "proc-macro2 0.4.27 (registry+git://mirrors.ustc.edu.cn/crates.io-index)",
]

[[package]]
name = "rand"
version = "0.4.6"
source = "registry+git://mirrors.ustc.edu.cn/crates.io-index"
dependencies = [
 "fuchsia-cprng 0.1.1 (registry+git://mirrors.ustc.edu.cn/crates.io-index)",
 "libc 0.2.50 (registry+git://mirrors.ustc.edu.cn/crates.io-index)",
 "rand_core 0.3.1 (registry+git://mirrors.ustc.edu.cn/crates.io-index)",
 "rdrand 0.4.0 (registry+git://mirrors.ustc.edu.cn/crates.io-index)",
 "winapi 0.3.6 (registry+git://mirrors.ustc.edu.cn/crates.io-index)",
]

[[package]]
name = "rand_core"
version = "0.3.1"
source = "registry+git://mirrors.ustc.edu.cn/crates.io-index"
dependencies = [
 "rand_core 0.4.0 (registry+git://mirrors.ustc.edu.cn/crates.io-index)",
]

[[package]]
name = "rand_core"
version = "0.4.0"
source = "registry+git://mirrors.ustc.edu.cn/crates.io-index"

[[package]]
name = "raudient"
version = "0.3.2"
dependencies = [
 "chrono 0.4.6 (registry+git://mirrors.ustc.edu.cn/crates.io-index)",
 "combine 3.8.1 (registry+git://mirrors.ustc.edu.cn/crates.io-index)",
 "crossbeam-channel 0.3.8 (registry+git://mirrors.ustc.edu.cn/crates.io-index)",
 "encoding 0.2.33 (registry+git://mirrors.ustc.edu.cn/crates.io-index)",
 "env_logger 0.6.1 (registry+git://mirrors.ustc.edu.cn/crates.io-index)",
 "gdk-pixbuf 0.6.0 (registry+git://mirrors.ustc.edu.cn/crates.io-index)",
 "gio 0.6.0 (registry+git://mirrors.ustc.edu.cn/crates.io-index)",
 "glib 0.7.1 (registry+git://mirrors.ustc.edu.cn/crates.io-index)",
 "gtk 0.6.0 (registry+git://mirrors.ustc.edu.cn/crates.io-index)",
 "hostname 0.1.5 (registry+git://mirrors.ustc.edu.cn/crates.io-index)",
 "human-panic 1.0.1 (registry+git://mirrors.ustc.edu.cn/crates.io-index)",
 "lazy_static 1.3.0 (registry+git://mirrors.ustc.edu.cn/crates.io-index)",
 "local-ip 0.1.0 (registry+git://mirrors.ustc.edu.cn/crates.io-index)",
 "log 0.4.6 (registry+git://mirrors.ustc.edu.cn/crates.io-index)",
 "quick-error 1.2.2 (registry+git://mirrors.ustc.edu.cn/crates.io-index)",
]

[[package]]
name = "rdrand"
version = "0.4.0"
source = "registry+git://mirrors.ustc.edu.cn/crates.io-index"
dependencies = [
 "rand_core 0.3.1 (registry+git://mirrors.ustc.edu.cn/crates.io-index)",
]

[[package]]
name = "redox_syscall"
version = "0.1.51"
source = "registry+git://mirrors.ustc.edu.cn/crates.io-index"

[[package]]
name = "redox_termios"
version = "0.1.1"
source = "registry+git://mirrors.ustc.edu.cn/crates.io-index"
dependencies = [
 "redox_syscall 0.1.51 (registry+git://mirrors.ustc.edu.cn/crates.io-index)",
]

[[package]]
name = "regex"
version = "0.1.80"
source = "registry+git://mirrors.ustc.edu.cn/crates.io-index"
dependencies = [
 "aho-corasick 0.5.3 (registry+git://mirrors.ustc.edu.cn/crates.io-index)",
 "memchr 0.1.11 (registry+git://mirrors.ustc.edu.cn/crates.io-index)",
 "regex-syntax 0.3.9 (registry+git://mirrors.ustc.edu.cn/crates.io-index)",
 "thread_local 0.2.7 (registry+git://mirrors.ustc.edu.cn/crates.io-index)",
 "utf8-ranges 0.1.3 (registry+git://mirrors.ustc.edu.cn/crates.io-index)",
]

[[package]]
name = "regex"
version = "1.1.2"
source = "registry+git://mirrors.ustc.edu.cn/crates.io-index"
dependencies = [
 "aho-corasick 0.6.10 (registry+git://mirrors.ustc.edu.cn/crates.io-index)",
 "memchr 2.2.0 (registry+git://mirrors.ustc.edu.cn/crates.io-index)",
 "regex-syntax 0.6.5 (registry+git://mirrors.ustc.edu.cn/crates.io-index)",
 "thread_local 0.3.6 (registry+git://mirrors.ustc.edu.cn/crates.io-index)",
 "utf8-ranges 1.0.2 (registry+git://mirrors.ustc.edu.cn/crates.io-index)",
]

[[package]]
name = "regex-syntax"
version = "0.3.9"
source = "registry+git://mirrors.ustc.edu.cn/crates.io-index"

[[package]]
name = "regex-syntax"
version = "0.6.5"
source = "registry+git://mirrors.ustc.edu.cn/crates.io-index"
dependencies = [
 "ucd-util 0.1.3 (registry+git://mirrors.ustc.edu.cn/crates.io-index)",
]

[[package]]
name = "remove_dir_all"
version = "0.5.1"
source = "registry+git://mirrors.ustc.edu.cn/crates.io-index"
dependencies = [
 "winapi 0.3.6 (registry+git://mirrors.ustc.edu.cn/crates.io-index)",
]

[[package]]
name = "rustc-demangle"
version = "0.1.13"
source = "registry+git://mirrors.ustc.edu.cn/crates.io-index"

[[package]]
name = "serde"
version = "1.0.89"
source = "registry+git://mirrors.ustc.edu.cn/crates.io-index"

[[package]]
name = "serde_derive"
version = "1.0.89"
source = "registry+git://mirrors.ustc.edu.cn/crates.io-index"
dependencies = [
 "proc-macro2 0.4.27 (registry+git://mirrors.ustc.edu.cn/crates.io-index)",
 "quote 0.6.11 (registry+git://mirrors.ustc.edu.cn/crates.io-index)",
 "syn 0.15.29 (registry+git://mirrors.ustc.edu.cn/crates.io-index)",
]

[[package]]
name = "smallvec"
version = "0.6.9"
source = "registry+git://mirrors.ustc.edu.cn/crates.io-index"

[[package]]
name = "syn"
version = "0.15.29"
source = "registry+git://mirrors.ustc.edu.cn/crates.io-index"
dependencies = [
 "proc-macro2 0.4.27 (registry+git://mirrors.ustc.edu.cn/crates.io-index)",
 "quote 0.6.11 (registry+git://mirrors.ustc.edu.cn/crates.io-index)",
 "unicode-xid 0.1.0 (registry+git://mirrors.ustc.edu.cn/crates.io-index)",
]

[[package]]
name = "synstructure"
version = "0.10.1"
source = "registry+git://mirrors.ustc.edu.cn/crates.io-index"
dependencies = [
 "proc-macro2 0.4.27 (registry+git://mirrors.ustc.edu.cn/crates.io-index)",
 "quote 0.6.11 (registry+git://mirrors.ustc.edu.cn/crates.io-index)",
 "syn 0.15.29 (registry+git://mirrors.ustc.edu.cn/crates.io-index)",
 "unicode-xid 0.1.0 (registry+git://mirrors.ustc.edu.cn/crates.io-index)",
]

[[package]]
name = "tempdir"
version = "0.3.7"
source = "registry+git://mirrors.ustc.edu.cn/crates.io-index"
dependencies = [
 "rand 0.4.6 (registry+git://mirrors.ustc.edu.cn/crates.io-index)",
 "remove_dir_all 0.5.1 (registry+git://mirrors.ustc.edu.cn/crates.io-index)",
]

[[package]]
name = "termcolor"
version = "0.3.6"
source = "registry+git://mirrors.ustc.edu.cn/crates.io-index"
dependencies = [
 "wincolor 0.1.6 (registry+git://mirrors.ustc.edu.cn/crates.io-index)",
]

[[package]]
name = "termcolor"
version = "1.0.4"
source = "registry+git://mirrors.ustc.edu.cn/crates.io-index"
dependencies = [
 "wincolor 1.0.1 (registry+git://mirrors.ustc.edu.cn/crates.io-index)",
]

[[package]]
name = "termion"
version = "1.5.1"
source = "registry+git://mirrors.ustc.edu.cn/crates.io-index"
dependencies = [
 "libc 0.2.50 (registry+git://mirrors.ustc.edu.cn/crates.io-index)",
 "redox_syscall 0.1.51 (registry+git://mirrors.ustc.edu.cn/crates.io-index)",
 "redox_termios 0.1.1 (registry+git://mirrors.ustc.edu.cn/crates.io-index)",
]

[[package]]
name = "thread-id"
version = "2.0.0"
source = "registry+git://mirrors.ustc.edu.cn/crates.io-index"
dependencies = [
 "kernel32-sys 0.2.2 (registry+git://mirrors.ustc.edu.cn/crates.io-index)",
 "libc 0.2.50 (registry+git://mirrors.ustc.edu.cn/crates.io-index)",
]

[[package]]
name = "thread_local"
version = "0.2.7"
source = "registry+git://mirrors.ustc.edu.cn/crates.io-index"
dependencies = [
 "thread-id 2.0.0 (registry+git://mirrors.ustc.edu.cn/crates.io-index)",
]

[[package]]
name = "thread_local"
version = "0.3.6"
source = "registry+git://mirrors.ustc.edu.cn/crates.io-index"
dependencies = [
 "lazy_static 1.3.0 (registry+git://mirrors.ustc.edu.cn/crates.io-index)",
]

[[package]]
name = "time"
version = "0.1.42"
source = "registry+git://mirrors.ustc.edu.cn/crates.io-index"
dependencies = [
 "libc 0.2.50 (registry+git://mirrors.ustc.edu.cn/crates.io-index)",
 "redox_syscall 0.1.51 (registry+git://mirrors.ustc.edu.cn/crates.io-index)",
 "winapi 0.3.6 (registry+git://mirrors.ustc.edu.cn/crates.io-index)",
]

[[package]]
name = "toml"
version = "0.4.10"
source = "registry+git://mirrors.ustc.edu.cn/crates.io-index"
dependencies = [
 "serde 1.0.89 (registry+git://mirrors.ustc.edu.cn/crates.io-index)",
]

[[package]]
name = "ucd-util"
version = "0.1.3"
source = "registry+git://mirrors.ustc.edu.cn/crates.io-index"

[[package]]
name = "unicode-xid"
version = "0.1.0"
source = "registry+git://mirrors.ustc.edu.cn/crates.io-index"

[[package]]
name = "unreachable"
version = "1.0.0"
source = "registry+git://mirrors.ustc.edu.cn/crates.io-index"
dependencies = [
 "void 1.0.2 (registry+git://mirrors.ustc.edu.cn/crates.io-index)",
]

[[package]]
name = "utf8-ranges"
version = "0.1.3"
source = "registry+git://mirrors.ustc.edu.cn/crates.io-index"

[[package]]
name = "utf8-ranges"
version = "1.0.2"
source = "registry+git://mirrors.ustc.edu.cn/crates.io-index"

[[package]]
name = "uuid"
version = "0.6.5"
source = "registry+git://mirrors.ustc.edu.cn/crates.io-index"
dependencies = [
 "cfg-if 0.1.7 (registry+git://mirrors.ustc.edu.cn/crates.io-index)",
 "rand 0.4.6 (registry+git://mirrors.ustc.edu.cn/crates.io-index)",
]

[[package]]
name = "void"
version = "1.0.2"
source = "registry+git://mirrors.ustc.edu.cn/crates.io-index"

[[package]]
name = "winapi"
version = "0.2.8"
source = "registry+git://mirrors.ustc.edu.cn/crates.io-index"

[[package]]
name = "winapi"
version = "0.3.6"
source = "registry+git://mirrors.ustc.edu.cn/crates.io-index"
dependencies = [
 "winapi-i686-pc-windows-gnu 0.4.0 (registry+git://mirrors.ustc.edu.cn/crates.io-index)",
 "winapi-x86_64-pc-windows-gnu 0.4.0 (registry+git://mirrors.ustc.edu.cn/crates.io-index)",
]

[[package]]
name = "winapi-build"
version = "0.1.1"
source = "registry+git://mirrors.ustc.edu.cn/crates.io-index"

[[package]]
name = "winapi-i686-pc-windows-gnu"
version = "0.4.0"
source = "registry+git://mirrors.ustc.edu.cn/crates.io-index"

[[package]]
name = "winapi-util"
version = "0.1.2"
source = "registry+git://mirrors.ustc.edu.cn/crates.io-index"
dependencies = [
 "winapi 0.3.6 (registry+git://mirrors.ustc.edu.cn/crates.io-index)",
]

[[package]]
name = "winapi-x86_64-pc-windows-gnu"
version = "0.4.0"
source = "registry+git://mirrors.ustc.edu.cn/crates.io-index"

[[package]]
name = "wincolor"
version = "0.1.6"
source = "registry+git://mirrors.ustc.edu.cn/crates.io-index"
dependencies = [
 "winapi 0.3.6 (registry+git://mirrors.ustc.edu.cn/crates.io-index)",
]

[[package]]
name = "wincolor"
version = "1.0.1"
source = "registry+git://mirrors.ustc.edu.cn/crates.io-index"
dependencies = [
 "winapi 0.3.6 (registry+git://mirrors.ustc.edu.cn/crates.io-index)",
 "winapi-util 0.1.2 (registry+git://mirrors.ustc.edu.cn/crates.io-index)",
]

[[package]]
name = "winutil"
version = "0.1.1"
source = "registry+git://mirrors.ustc.edu.cn/crates.io-index"
dependencies = [
 "winapi 0.3.6 (registry+git://mirrors.ustc.edu.cn/crates.io-index)",
]

[metadata]
"checksum aho-corasick 0.5.3 (registry+git://mirrors.ustc.edu.cn/crates.io-index)" = "ca972c2ea5f742bfce5687b9aef75506a764f61d37f8f649047846a9686ddb66"
"checksum aho-corasick 0.6.10 (registry+git://mirrors.ustc.edu.cn/crates.io-index)" = "81ce3d38065e618af2d7b77e10c5ad9a069859b4be3c2250f674af3840d9c8a5"
"checksum ascii 0.9.1 (registry+git://mirrors.ustc.edu.cn/crates.io-index)" = "a5fc969a8ce2c9c0c4b0429bb8431544f6658283c8326ba5ff8c762b75369335"
"checksum atk 0.6.0 (registry+git://mirrors.ustc.edu.cn/crates.io-index)" = "7ce8fd2055aa2ce617754c5a701682a06b4b57093cbbcbd8f068622a8debae96"
"checksum atk-sys 0.8.0 (registry+git://mirrors.ustc.edu.cn/crates.io-index)" = "83744274abbcc2242f845a25cf84b9adb5991eaecc8f7c67cffd69ea636f4ff8"
"checksum atty 0.2.11 (registry+git://mirrors.ustc.edu.cn/crates.io-index)" = "9a7d5b8723950951411ee34d271d99dddcc2035a16ab25310ea2c8cfd4369652"
"checksum autocfg 0.1.2 (registry+git://mirrors.ustc.edu.cn/crates.io-index)" = "a6d640bee2da49f60a4068a7fae53acde8982514ab7bae8b8cea9e88cbcfd799"
"checksum backtrace 0.3.14 (registry+git://mirrors.ustc.edu.cn/crates.io-index)" = "cd5a90e2b463010cd0e0ce9a11d4a9d5d58d9f41d4a6ba3dcaf9e68b466e88b4"
"checksum backtrace-sys 0.1.28 (registry+git://mirrors.ustc.edu.cn/crates.io-index)" = "797c830ac25ccc92a7f8a7b9862bde440715531514594a6154e3d4a54dd769b6"
"checksum bitflags 1.0.4 (registry+git://mirrors.ustc.edu.cn/crates.io-index)" = "228047a76f468627ca71776ecdebd732a3423081fcf5125585bcd7c49886ce12"
"checksum byteorder 1.3.1 (registry+git://mirrors.ustc.edu.cn/crates.io-index)" = "a019b10a2a7cdeb292db131fc8113e57ea2a908f6e7894b0c3c671893b65dbeb"
"checksum cairo-rs 0.6.0 (registry+git://mirrors.ustc.edu.cn/crates.io-index)" = "9e09d8a818b2ccc8983f04d95a9350c3cf8d24cc456cedca3b88fa3a81fdc0e2"
"checksum cairo-sys-rs 0.8.0 (registry+git://mirrors.ustc.edu.cn/crates.io-index)" = "b3fa13914fdc013387afa771f554f2f71d6ae931f4e5be9246c337d60c3dc484"
"checksum cc 1.0.31 (registry+git://mirrors.ustc.edu.cn/crates.io-index)" = "c9ce8bb087aacff865633f0bd5aeaed910fe2fe55b55f4739527f2e023a2e53d"
"checksum cfg-if 0.1.7 (registry+git://mirrors.ustc.edu.cn/crates.io-index)" = "11d43355396e872eefb45ce6342e4374ed7bc2b3a502d1b28e36d6e23c05d1f4"
"checksum chrono 0.4.6 (registry+git://mirrors.ustc.edu.cn/crates.io-index)" = "45912881121cb26fad7c38c17ba7daa18764771836b34fab7d3fbd93ed633878"
"checksum combine 3.8.1 (registry+git://mirrors.ustc.edu.cn/crates.io-index)" = "da3da6baa321ec19e1cc41d31bf599f00c783d0517095cdaf0332e3fe8d20680"
"checksum crossbeam-channel 0.3.8 (registry+git://mirrors.ustc.edu.cn/crates.io-index)" = "0f0ed1a4de2235cabda8558ff5840bffb97fcb64c97827f354a451307df5f72b"
"checksum crossbeam-utils 0.6.5 (registry+git://mirrors.ustc.edu.cn/crates.io-index)" = "f8306fcef4a7b563b76b7dd949ca48f52bc1141aa067d2ea09565f3e2652aa5c"
"checksum either 1.5.1 (registry+git://mirrors.ustc.edu.cn/crates.io-index)" = "c67353c641dc847124ea1902d69bd753dee9bb3beff9aa3662ecf86c971d1fac"
"checksum encoding 0.2.33 (registry+git://mirrors.ustc.edu.cn/crates.io-index)" = "6b0d943856b990d12d3b55b359144ff341533e516d94098b1d3fc1ac666d36ec"
"checksum encoding-index-japanese 1.20141219.5 (registry+git://mirrors.ustc.edu.cn/crates.io-index)" = "04e8b2ff42e9a05335dbf8b5c6f7567e5591d0d916ccef4e0b1710d32a0d0c91"
"checksum encoding-index-korean 1.20141219.5 (registry+git://mirrors.ustc.edu.cn/crates.io-index)" = "4dc33fb8e6bcba213fe2f14275f0963fd16f0a02c878e3095ecfdf5bee529d81"
"checksum encoding-index-simpchinese 1.20141219.5 (registry+git://mirrors.ustc.edu.cn/crates.io-index)" = "d87a7194909b9118fc707194baa434a4e3b0fb6a5a757c73c3adb07aa25031f7"
"checksum encoding-index-singlebyte 1.20141219.5 (registry+git://mirrors.ustc.edu.cn/crates.io-index)" = "3351d5acffb224af9ca265f435b859c7c01537c0849754d3db3fdf2bfe2ae84a"
"checksum encoding-index-tradchinese 1.20141219.5 (registry+git://mirrors.ustc.edu.cn/crates.io-index)" = "fd0e20d5688ce3cab59eb3ef3a2083a5c77bf496cb798dc6fcdb75f323890c18"
"checksum encoding_index_tests 0.1.4 (registry+git://mirrors.ustc.edu.cn/crates.io-index)" = "a246d82be1c9d791c5dfde9a2bd045fc3cbba3fa2b11ad558f27d01712f00569"
"checksum env_logger 0.6.1 (registry+git://mirrors.ustc.edu.cn/crates.io-index)" = "b61fa891024a945da30a9581546e8cfaf5602c7b3f4c137a2805cf388f92075a"
"checksum failure 0.1.5 (registry+git://mirrors.ustc.edu.cn/crates.io-index)" = "795bd83d3abeb9220f257e597aa0080a508b27533824adf336529648f6abf7e2"
"checksum failure_derive 0.1.5 (registry+git://mirrors.ustc.edu.cn/crates.io-index)" = "ea1063915fd7ef4309e222a5a07cf9c319fb9c7836b1f89b85458672dbb127e1"
"checksum fragile 0.3.0 (registry+git://mirrors.ustc.edu.cn/crates.io-index)" = "05f8140122fa0d5dcb9fc8627cfce2b37cc1500f752636d46ea28bc26785c2f9"
"checksum fuchsia-cprng 0.1.1 (registry+git://mirrors.ustc.edu.cn/crates.io-index)" = "a06f77d526c1a601b7c4cdd98f54b5eaabffc14d5f2f0296febdc7f357c6d3ba"
"checksum gdk 0.10.0 (registry+git://mirrors.ustc.edu.cn/crates.io-index)" = "9c229b642a3cf701f92246b131fda2eaabaa5f44f4a255dee65939ebd0ab0141"
"checksum gdk-pixbuf 0.6.0 (registry+git://mirrors.ustc.edu.cn/crates.io-index)" = "9a1bcb11b461ff5638f6bf03c9f173d3dc250eabc8e57a60644b6f529d3a7c91"
"checksum gdk-pixbuf-sys 0.8.0 (registry+git://mirrors.ustc.edu.cn/crates.io-index)" = "10e1115ca451907b6d775fc0392641d14c89277662d98828412fb68555e7e8c8"
"checksum gdk-sys 0.8.0 (registry+git://mirrors.ustc.edu.cn/crates.io-index)" = "458dc6243bdda4aa1693f5f18231f55b98e9c99c50b3b9bd673cf461ef1710ea"
"checksum gio 0.6.0 (registry+git://mirrors.ustc.edu.cn/crates.io-index)" = "ff120a666f4a0f41cca7554fbac82defc2562e90eccf3b26a30e6461fa1bbde8"
"checksum gio-sys 0.8.0 (registry+git://mirrors.ustc.edu.cn/crates.io-index)" = "04957c40df00dd72f7c9ec8e382b01ff8ed4a904fcd2fa608b7ae7fbaccfda8f"
"checksum glib 0.7.1 (registry+git://mirrors.ustc.edu.cn/crates.io-index)" = "0c4e8fdc159c196a5dfa53a92929ac4c10c8a6637ffb43951f3fff89c2cd2365"
"checksum glib-sys 0.8.0 (registry+git://mirrors.ustc.edu.cn/crates.io-index)" = "5bda542f3caee39a027638e9644ff89204101ad916fd7370b585ad2c5fc97e61"
"checksum gobject-sys 0.8.0 (registry+git://mirrors.ustc.edu.cn/crates.io-index)" = "23e05a14290d3dc255223cba51db4b0f3da438d5250657996fa99b2a30faf43e"
"checksum gtk 0.6.0 (registry+git://mirrors.ustc.edu.cn/crates.io-index)" = "b52cfbd8c3e4a000c8374676352f3850c2d62c0f42ef0a993e5d3fcf47e0be64"
"checksum gtk-sys 0.8.0 (registry+git://mirrors.ustc.edu.cn/crates.io-index)" = "849835f05d46f605b00ee9fefb6d5921238c570af406f35ee7426ed01cd6795c"
"checksum hostname 0.1.5 (registry+git://mirrors.ustc.edu.cn/crates.io-index)" = "21ceb46a83a85e824ef93669c8b390009623863b5c195d1ba747292c0c72f94e"
"checksum human-panic 1.0.1 (registry+git://mirrors.ustc.edu.cn/crates.io-index)" = "21638c5955a6daf3ecc42cae702335fc37a72a4abcc6959ce457b31a7d43bbdd"
"checksum humantime 1.2.0 (registry+git://mirrors.ustc.edu.cn/crates.io-index)" = "3ca7e5f2e110db35f93b837c81797f3714500b81d517bf20c431b16d3ca4f114"
"checksum kernel32-sys 0.2.2 (registry+git://mirrors.ustc.edu.cn/crates.io-index)" = "7507624b29483431c0ba2d82aece8ca6cdba9382bff4ddd0f7490560c056098d"
"checksum lazy_static 1.3.0 (registry+git://mirrors.ustc.edu.cn/crates.io-index)" = "bc5729f27f159ddd61f4df6228e827e86643d4d3e7c32183cb30a1c08f604a14"
"checksum libc 0.2.50 (registry+git://mirrors.ustc.edu.cn/crates.io-index)" = "aab692d7759f5cd8c859e169db98ae5b52c924add2af5fbbca11d12fefb567c1"
"checksum local-ip 0.1.0 (registry+git://mirrors.ustc.edu.cn/crates.io-index)" = "1199ecb36eea49b2b849800de0a72dbdf6d8b69046765c2c78c76fdb96440d34"
"checksum log 0.4.6 (registry+git://mirrors.ustc.edu.cn/crates.io-index)" = "c84ec4b527950aa83a329754b01dbe3f58361d1c5efacd1f6d68c494d08a17c6"
"checksum memchr 0.1.11 (registry+git://mirrors.ustc.edu.cn/crates.io-index)" = "d8b629fb514376c675b98c1421e80b151d3817ac42d7c667717d282761418d20"
"checksum memchr 2.2.0 (registry+git://mirrors.ustc.edu.cn/crates.io-index)" = "2efc7bc57c883d4a4d6e3246905283d8dae951bb3bd32f49d6ef297f546e1c39"
"checksum num-integer 0.1.39 (registry+git://mirrors.ustc.edu.cn/crates.io-index)" = "e83d528d2677f0518c570baf2b7abdcf0cd2d248860b68507bdcb3e91d4c0cea"
"checksum num-traits 0.2.6 (registry+git://mirrors.ustc.edu.cn/crates.io-index)" = "0b3a5d7cc97d6d30d8b9bc8fa19bf45349ffe46241e8816f50f62f6d6aaabee1"
"checksum os_type 2.2.0 (registry+git://mirrors.ustc.edu.cn/crates.io-index)" = "7edc011af0ae98b7f88cf7e4a83b70a54a75d2b8cb013d6efd02e5956207e9eb"
"checksum pango 0.6.0 (registry+git://mirrors.ustc.edu.cn/crates.io-index)" = "4e36b55d7cd522bd183efeb3dfabc547bda1f26eadf8a1241dac09ab3fd3242c"
"checksum pango-sys 0.8.0 (registry+git://mirrors.ustc.edu.cn/crates.io-index)" = "747ab9cd4d537e6dc5ef0e4308c10dde8b706673b0237fed4e056b8d2c0b23c8"
"checksum pkg-config 0.3.14 (registry+git://mirrors.ustc.edu.cn/crates.io-index)" = "676e8eb2b1b4c9043511a9b7bea0915320d7e502b0a079fb03f9635a5252b18c"
"checksum proc-macro2 0.4.27 (registry+git://mirrors.ustc.edu.cn/crates.io-index)" = "4d317f9caece796be1980837fd5cb3dfec5613ebdb04ad0956deea83ce168915"
"checksum quick-error 1.2.2 (registry+git://mirrors.ustc.edu.cn/crates.io-index)" = "9274b940887ce9addde99c4eee6b5c44cc494b182b97e73dc8ffdcb3397fd3f0"
"checksum quote 0.6.11 (registry+git://mirrors.ustc.edu.cn/crates.io-index)" = "cdd8e04bd9c52e0342b406469d494fcb033be4bdbe5c606016defbb1681411e1"
"checksum rand 0.4.6 (registry+git://mirrors.ustc.edu.cn/crates.io-index)" = "552840b97013b1a26992c11eac34bdd778e464601a4c2054b5f0bff7c6761293"
"checksum rand_core 0.3.1 (registry+git://mirrors.ustc.edu.cn/crates.io-index)" = "7a6fdeb83b075e8266dcc8762c22776f6877a63111121f5f8c7411e5be7eed4b"
"checksum rand_core 0.4.0 (registry+git://mirrors.ustc.edu.cn/crates.io-index)" = "d0e7a549d590831370895ab7ba4ea0c1b6b011d106b5ff2da6eee112615e6dc0"
"checksum rdrand 0.4.0 (registry+git://mirrors.ustc.edu.cn/crates.io-index)" = "678054eb77286b51581ba43620cc911abf02758c91f93f479767aed0f90458b2"
"checksum redox_syscall 0.1.51 (registry+git://mirrors.ustc.edu.cn/crates.io-index)" = "423e376fffca3dfa06c9e9790a9ccd282fafb3cc6e6397d01dbf64f9bacc6b85"
"checksum redox_termios 0.1.1 (registry+git://mirrors.ustc.edu.cn/crates.io-index)" = "7e891cfe48e9100a70a3b6eb652fef28920c117d366339687bd5576160db0f76"
"checksum regex 0.1.80 (registry+git://mirrors.ustc.edu.cn/crates.io-index)" = "4fd4ace6a8cf7860714a2c2280d6c1f7e6a413486c13298bbc86fd3da019402f"
"checksum regex 1.1.2 (registry+git://mirrors.ustc.edu.cn/crates.io-index)" = "53ee8cfdddb2e0291adfb9f13d31d3bbe0a03c9a402c01b1e24188d86c35b24f"
"checksum regex-syntax 0.3.9 (registry+git://mirrors.ustc.edu.cn/crates.io-index)" = "f9ec002c35e86791825ed294b50008eea9ddfc8def4420124fbc6b08db834957"
"checksum regex-syntax 0.6.5 (registry+git://mirrors.ustc.edu.cn/crates.io-index)" = "8c2f35eedad5295fdf00a63d7d4b238135723f92b434ec06774dad15c7ab0861"
"checksum remove_dir_all 0.5.1 (registry+git://mirrors.ustc.edu.cn/crates.io-index)" = "3488ba1b9a2084d38645c4c08276a1752dcbf2c7130d74f1569681ad5d2799c5"
"checksum rustc-demangle 0.1.13 (registry+git://mirrors.ustc.edu.cn/crates.io-index)" = "adacaae16d02b6ec37fdc7acfcddf365978de76d1983d3ee22afc260e1ca9619"
"checksum serde 1.0.89 (registry+git://mirrors.ustc.edu.cn/crates.io-index)" = "92514fb95f900c9b5126e32d020f5c6d40564c27a5ea6d1d7d9f157a96623560"
"checksum serde_derive 1.0.89 (registry+git://mirrors.ustc.edu.cn/crates.io-index)" = "bb6eabf4b5914e88e24eea240bb7c9f9a2cbc1bbbe8d961d381975ec3c6b806c"
"checksum smallvec 0.6.9 (registry+git://mirrors.ustc.edu.cn/crates.io-index)" = "c4488ae950c49d403731982257768f48fada354a5203fe81f9bb6f43ca9002be"
"checksum syn 0.15.29 (registry+git://mirrors.ustc.edu.cn/crates.io-index)" = "1825685f977249735d510a242a6727b46efe914bb67e38d30c071b1b72b1d5c2"
"checksum synstructure 0.10.1 (registry+git://mirrors.ustc.edu.cn/crates.io-index)" = "73687139bf99285483c96ac0add482c3776528beac1d97d444f6e91f203a2015"
"checksum tempdir 0.3.7 (registry+git://mirrors.ustc.edu.cn/crates.io-index)" = "15f2b5fb00ccdf689e0149d1b1b3c03fead81c2b37735d812fa8bddbbf41b6d8"
"checksum termcolor 0.3.6 (registry+git://mirrors.ustc.edu.cn/crates.io-index)" = "adc4587ead41bf016f11af03e55a624c06568b5a19db4e90fde573d805074f83"
"checksum termcolor 1.0.4 (registry+git://mirrors.ustc.edu.cn/crates.io-index)" = "4096add70612622289f2fdcdbd5086dc81c1e2675e6ae58d6c4f62a16c6d7f2f"
"checksum termion 1.5.1 (registry+git://mirrors.ustc.edu.cn/crates.io-index)" = "689a3bdfaab439fd92bc87df5c4c78417d3cbe537487274e9b0b2dce76e92096"
"checksum thread-id 2.0.0 (registry+git://mirrors.ustc.edu.cn/crates.io-index)" = "a9539db560102d1cef46b8b78ce737ff0bb64e7e18d35b2a5688f7d097d0ff03"
"checksum thread_local 0.2.7 (registry+git://mirrors.ustc.edu.cn/crates.io-index)" = "8576dbbfcaef9641452d5cf0df9b0e7eeab7694956dd33bb61515fb8f18cfdd5"
"checksum thread_local 0.3.6 (registry+git://mirrors.ustc.edu.cn/crates.io-index)" = "c6b53e329000edc2b34dbe8545fd20e55a333362d0a321909685a19bd28c3f1b"
"checksum time 0.1.42 (registry+git://mirrors.ustc.edu.cn/crates.io-index)" = "db8dcfca086c1143c9270ac42a2bbd8a7ee477b78ac8e45b19abfb0cbede4b6f"
"checksum toml 0.4.10 (registry+git://mirrors.ustc.edu.cn/crates.io-index)" = "758664fc71a3a69038656bee8b6be6477d2a6c315a6b81f7081f591bffa4111f"
"checksum ucd-util 0.1.3 (registry+git://mirrors.ustc.edu.cn/crates.io-index)" = "535c204ee4d8434478593480b8f86ab45ec9aae0e83c568ca81abf0fd0e88f86"
"checksum unicode-xid 0.1.0 (registry+git://mirrors.ustc.edu.cn/crates.io-index)" = "fc72304796d0818e357ead4e000d19c9c174ab23dc11093ac919054d20a6a7fc"
"checksum unreachable 1.0.0 (registry+git://mirrors.ustc.edu.cn/crates.io-index)" = "382810877fe448991dfc7f0dd6e3ae5d58088fd0ea5e35189655f84e6814fa56"
"checksum utf8-ranges 0.1.3 (registry+git://mirrors.ustc.edu.cn/crates.io-index)" = "a1ca13c08c41c9c3e04224ed9ff80461d97e121589ff27c753a16cb10830ae0f"
"checksum utf8-ranges 1.0.2 (registry+git://mirrors.ustc.edu.cn/crates.io-index)" = "796f7e48bef87609f7ade7e06495a87d5cd06c7866e6a5cbfceffc558a243737"
"checksum uuid 0.6.5 (registry+git://mirrors.ustc.edu.cn/crates.io-index)" = "e1436e58182935dcd9ce0add9ea0b558e8a87befe01c1a301e6020aeb0876363"
"checksum void 1.0.2 (registry+git://mirrors.ustc.edu.cn/crates.io-index)" = "6a02e4885ed3bc0f2de90ea6dd45ebcbb66dacffe03547fadbb0eeae2770887d"
"checksum winapi 0.2.8 (registry+git://mirrors.ustc.edu.cn/crates.io-index)" = "167dc9d6949a9b857f3451275e911c3f44255842c1f7a76f33c55103a909087a"
"checksum winapi 0.3.6 (registry+git://mirrors.ustc.edu.cn/crates.io-index)" = "92c1eb33641e276cfa214a0522acad57be5c56b10cb348b3c5117db75f3ac4b0"
"checksum winapi-build 0.1.1 (registry+git://mirrors.ustc.edu.cn/crates.io-index)" = "2d315eee3b34aca4797b2da6b13ed88266e6d612562a0c46390af8299fc699bc"
"checksum winapi-i686-pc-windows-gnu 0.4.0 (registry+git://mirrors.ustc.edu.cn/crates.io-index)" = "ac3b87c63620426dd9b991e5ce0329eff545bccbbb34f3be09ff6fb6ab51b7b6"
"checksum winapi-util 0.1.2 (registry+git://mirrors.ustc.edu.cn/crates.io-index)" = "7168bab6e1daee33b4557efd0e95d5ca70a03706d39fa5f3fe7a236f584b03c9"
"checksum winapi-x86_64-pc-windows-gnu 0.4.0 (registry+git://mirrors.ustc.edu.cn/crates.io-index)" = "712e227841d057c1ee1cd2fb22fa7e5a5461ae8e48fa2ca79ec42cfc1931183f"
"checksum wincolor 0.1.6 (registry+git://mirrors.ustc.edu.cn/crates.io-index)" = "eeb06499a3a4d44302791052df005d5232b927ed1a9658146d842165c4de7767"
"checksum wincolor 1.0.1 (registry+git://mirrors.ustc.edu.cn/crates.io-index)" = "561ed901ae465d6185fa7864d63fbd5720d0ef718366c9a4dc83cf6170d7e9ba"
"checksum winutil 0.1.1 (registry+git://mirrors.ustc.edu.cn/crates.io-index)" = "7daf138b6b14196e3830a588acf1e86966c694d3e8fb026fb105b8b5dca07e6e"
